# This file is automatically @generated by Cargo.
# It is not intended for manual editing.
version = 4

[[package]]
name = "mak-authority"
version = "0.1.0"

[[package]]
name = "mak-awareness"
version = "0.1.0"

[[package]]
name = "mak-evidence"
version = "0.1.0"

[[package]]
name = "mak-governance"
version = "0.1.0"

[[package]]
name = "mak-router"
version = "0.1.0"

[[package]]
name = "mak-survival"
version = "0.1.0"

[[package]]
name = "mak-task"
version = "0.1.0"
